
Microsoft Visual Studio Solution File, Format Version 12.00
# Visual Studio 15
VisualStudioVersion = 15.0.26730.12
MinimumVisualStudioVersion = 10.0.40219.1
Project("{FAE04EC0-301F-11D3-BF4B-00C04F79EFBC}") = "SkypeConsoleLogin", "SkypeConsoleLogin\SkypeConsoleLogin.csproj", "{2783FD1D-AED0-4B33-A6B9-77B6731945EF}"
EndProject
Project("{FAE04EC0-301F-11D3-BF4B-00C04F79EFBC}") = "LostPolygon.WinApiWrapper", "..\Submodules\LostPolygon.WinApiWrapper\LostPolygon.WinApiWrapper\LostPolygon.WinApiWrapper.csproj", "{E6AF5AA8-9DAB-482B-AAC3-8D1E75EA7C25}"
EndProject
Global
	GlobalSection(SolutionConfigurationPlatforms) = preSolution
		Debug|Any CPU = Debug|Any CPU
		Debug|x64 = Debug|x64
		Debug|x86 = Debug|x86
		Release|Any CPU = Release|Any CPU
		Release|x64 = Release|x64
		Release|x86 = Release|x86
	EndGlobalSection
	GlobalSection(ProjectConfigurationPlatforms) = postSolution
		{2783FD1D-AED0-4B33-A6B9-77B6731945EF}.Debug|Any CPU.ActiveCfg = Debug|Any CPU
		{2783FD1D-AED0-4B33-A6B9-77B6731945EF}.Debug|Any CPU.Build.0 = Debug|Any CPU
		{2783FD1D-AED0-4B33-A6B9-77B6731945EF}.Debug|x64.ActiveCfg = Debug|Any CPU
		{2783FD1D-AED0-4B33-A6B9-77B6731945EF}.Debug|x64.Build.0 = Debug|Any CPU
		{2783FD1D-AED0-4B33-A6B9-77B6731945EF}.Debug|x86.ActiveCfg = Debug|x86
		{2783FD1D-AED0-4B33-A6B9-77B6731945EF}.Debug|x86.Build.0 = Debug|x86
		{2783FD1D-AED0-4B33-A6B9-77B6731945EF}.Release|Any CPU.ActiveCfg = Release|Any CPU
		{2783FD1D-AED0-4B33-A6B9-77B6731945EF}.Release|Any CPU.Build.0 = Release|Any CPU
		{2783FD1D-AED0-4B33-A6B9-77B6731945EF}.Release|x64.ActiveCfg = Release|Any CPU
		{2783FD1D-AED0-4B33-A6B9-77B6731945EF}.Release|x64.Build.0 = Release|Any CPU
		{2783FD1D-AED0-4B33-A6B9-77B6731945EF}.Release|x86.ActiveCfg = Release|x86
		{2783FD1D-AED0-4B33-A6B9-77B6731945EF}.Release|x86.Build.0 = Release|x86
		{E6AF5AA8-9DAB-482B-AAC3-8D1E75EA7C25}.Debug|Any CPU.ActiveCfg = Debug|Any CPU
		{E6AF5AA8-9DAB-482B-AAC3-8D1E75EA7C25}.Debug|Any CPU.Build.0 = Debug|Any CPU
		{E6AF5AA8-9DAB-482B-AAC3-8D1E75EA7C25}.Debug|x64.ActiveCfg = Debug|x64
		{E6AF5AA8-9DAB-482B-AAC3-8D1E75EA7C25}.Debug|x64.Build.0 = Debug|x64
		{E6AF5AA8-9DAB-482B-AAC3-8D1E75EA7C25}.Debug|x86.ActiveCfg = Debug|Any CPU
		{E6AF5AA8-9DAB-482B-AAC3-8D1E75EA7C25}.Debug|x86.Build.0 = Debug|Any CPU
		{E6AF5AA8-9DAB-482B-AAC3-8D1E75EA7C25}.Release|Any CPU.ActiveCfg = Release|Any CPU
		{E6AF5AA8-9DAB-482B-AAC3-8D1E75EA7C25}.Release|Any CPU.Build.0 = Release|Any CPU
		{E6AF5AA8-9DAB-482B-AAC3-8D1E75EA7C25}.Release|x64.ActiveCfg = Release|x64
		{E6AF5AA8-9DAB-482B-AAC3-8D1E75EA7C25}.Release|x64.Build.0 = Release|x64
		{E6AF5AA8-9DAB-482B-AAC3-8D1E75EA7C25}.Release|x86.ActiveCfg = Release|Any CPU
		{E6AF5AA8-9DAB-482B-AAC3-8D1E75EA7C25}.Release|x86.Build.0 = Release|Any CPU
	EndGlobalSection
	GlobalSection(SolutionProperties) = preSolution
		HideSolutionNode = FALSE
	EndGlobalSection
	GlobalSection(ExtensibilityGlobals) = postSolution
		SolutionGuid = {72B85A2E-9BFB-43CE-ACC9-14B9974CD21B}
	EndGlobalSection
EndGlobal
